{
  "version": 4,
  "terraform_version": "1.1.5",
  "serial": 63,
  "lineage": "dac9431e-44db-441d-08d2-a94771dc8515",
  "outputs": {},
  "resources": [
    {
      "mode": "managed",
      "type": "google_compute_backend_service",
      "name": "backend_service",
      "provider": "provider[\"registry.terraform.io/hashicorp/google\"]",
      "instances": [
        {
          "schema_version": 1,
          "attributes": {
            "affinity_cookie_ttl_sec": 0,
            "backend": [
              {
                "balancing_mode": "RATE",
                "capacity_scaler": 1,
                "description": "",
                "group": "https://www.googleapis.com/compute/v1/projects/vernal-parser-324817/zones/us-central1-c/instanceGroups/coalfire-appserver",
                "max_connections": 0,
                "max_connections_per_endpoint": 0,
                "max_connections_per_instance": 0,
                "max_rate": 0,
                "max_rate_per_endpoint": 0,
                "max_rate_per_instance": 100,
                "max_utilization": 0
              }
            ],
            "cdn_policy": [],
            "circuit_breakers": [],
            "connection_draining_timeout_sec": 300,
            "consistent_hash": [],
            "creation_timestamp": "2022-02-14T09:17:56.307-08:00",
            "custom_request_headers": null,
            "custom_response_headers": null,
            "description": "",
            "enable_cdn": false,
            "fingerprint": "ZH2Al4xXqBg=",
            "health_checks": [
              "https://www.googleapis.com/compute/v1/projects/vernal-parser-324817/global/healthChecks/lb-health-check"
            ],
            "iap": [],
            "id": "projects/vernal-parser-324817/global/backendServices/coalfire-lb-backend-service",
            "load_balancing_scheme": "EXTERNAL",
            "locality_lb_policy": "",
            "log_config": [],
            "name": "coalfire-lb-backend-service",
            "outlier_detection": [],
            "port_name": "backend-port",
            "project": "vernal-parser-324817",
            "protocol": "HTTP",
            "security_policy": "",
            "security_settings": [],
            "self_link": "https://www.googleapis.com/compute/v1/projects/vernal-parser-324817/global/backendServices/coalfire-lb-backend-service",
            "session_affinity": "NONE",
            "timeout_sec": 30,
            "timeouts": null
          },
          "sensitive_attributes": [],
          "private": "eyJlMmJmYjczMC1lY2FhLTExZTYtOGY4OC0zNDM2M2JjN2M0YzAiOnsiY3JlYXRlIjoxMjAwMDAwMDAwMDAwLCJkZWxldGUiOjEyMDAwMDAwMDAwMDAsInVwZGF0ZSI6MTIwMDAwMDAwMDAwMH0sInNjaGVtYV92ZXJzaW9uIjoiMSJ9",
          "dependencies": [
            "google_compute_health_check.lb-health-check",
            "google_compute_instance.instance-private",
            "google_compute_instance_group.appserver-instancegrp"
          ]
        }
      ]
    },
    {
      "mode": "managed",
      "type": "google_compute_global_forwarding_rule",
      "name": "global_forwarding_rule",
      "provider": "provider[\"registry.terraform.io/hashicorp/google\"]",
      "instances": [
        {
          "schema_version": 0,
          "attributes": {
            "description": "",
            "id": "projects/vernal-parser-324817/global/forwardingRules/coalfire-lb-global-forwarding-rule",
            "ip_address": "34.111.204.136",
            "ip_protocol": "TCP",
            "ip_version": "",
            "label_fingerprint": "42WmSpB8rSM=",
            "labels": null,
            "load_balancing_scheme": "EXTERNAL",
            "metadata_filters": [],
            "name": "coalfire-lb-global-forwarding-rule",
            "network": "",
            "port_range": "80",
            "project": "vernal-parser-324817",
            "self_link": "https://www.googleapis.com/compute/v1/projects/vernal-parser-324817/global/forwardingRules/coalfire-lb-global-forwarding-rule",
            "target": "https://www.googleapis.com/compute/v1/projects/vernal-parser-324817/global/targetHttpProxies/coalfire-lb-proxy",
            "timeouts": null
          },
          "sensitive_attributes": [],
          "private": "eyJlMmJmYjczMC1lY2FhLTExZTYtOGY4OC0zNDM2M2JjN2M0YzAiOnsiY3JlYXRlIjoxMjAwMDAwMDAwMDAwLCJkZWxldGUiOjEyMDAwMDAwMDAwMDAsInVwZGF0ZSI6MTIwMDAwMDAwMDAwMH19",
          "dependencies": [
            "google_compute_backend_service.backend_service",
            "google_compute_health_check.lb-health-check",
            "google_compute_instance.instance-private",
            "google_compute_instance_group.appserver-instancegrp",
            "google_compute_target_http_proxy.target_http_proxy",
            "google_compute_url_map.url_map"
          ]
        }
      ]
    },
    {
      "mode": "managed",
      "type": "google_compute_health_check",
      "name": "lb-health-check",
      "provider": "provider[\"registry.terraform.io/hashicorp/google\"]",
      "instances": [
        {
          "schema_version": 0,
          "attributes": {
            "check_interval_sec": 1,
            "creation_timestamp": "2022-02-14T09:17:30.932-08:00",
            "description": "",
            "grpc_health_check": [],
            "healthy_threshold": 4,
            "http2_health_check": [],
            "http_health_check": [],
            "https_health_check": [],
            "id": "projects/vernal-parser-324817/global/healthChecks/lb-health-check",
            "log_config": [
              {
                "enable": false
              }
            ],
            "name": "lb-health-check",
            "project": "vernal-parser-324817",
            "self_link": "https://www.googleapis.com/compute/v1/projects/vernal-parser-324817/global/healthChecks/lb-health-check",
            "ssl_health_check": [],
            "tcp_health_check": [
              {
                "port": 80,
                "port_name": "",
                "port_specification": "",
                "proxy_header": "NONE",
                "request": "",
                "response": ""
              }
            ],
            "timeout_sec": 1,
            "timeouts": null,
            "type": "TCP",
            "unhealthy_threshold": 5
          },
          "sensitive_attributes": [],
          "private": "eyJlMmJmYjczMC1lY2FhLTExZTYtOGY4OC0zNDM2M2JjN2M0YzAiOnsiY3JlYXRlIjoxMjAwMDAwMDAwMDAwLCJkZWxldGUiOjEyMDAwMDAwMDAwMDAsInVwZGF0ZSI6MTIwMDAwMDAwMDAwMH19"
        }
      ]
    },
    {
      "mode": "managed",
      "type": "google_compute_instance",
      "name": "instance-private",
      "provider": "provider[\"registry.terraform.io/hashicorp/google\"]",
      "instances": [
        {
          "schema_version": 6,
          "attributes": {
            "advanced_machine_features": [],
            "allow_stopping_for_update": null,
            "attached_disk": [],
            "boot_disk": [
              {
                "auto_delete": true,
                "device_name": "persistent-disk-0",
                "disk_encryption_key_raw": "",
                "disk_encryption_key_sha256": "",
                "initialize_params": [
                  {
                    "image": "https://www.googleapis.com/compute/v1/projects/rhel-cloud/global/images/rhel-8-v20220126",
                    "labels": {},
                    "size": 20,
                    "type": "pd-standard"
                  }
                ],
                "kms_key_self_link": "",
                "mode": "READ_WRITE",
                "source": "https://www.googleapis.com/compute/v1/projects/vernal-parser-324817/zones/us-central1-c/disks/apache-instance-private"
              }
            ],
            "can_ip_forward": false,
            "confidential_instance_config": [],
            "cpu_platform": "Intel Broadwell",
            "current_status": "RUNNING",
            "deletion_protection": false,
            "description": "",
            "desired_status": null,
            "enable_display": false,
            "guest_accelerator": [],
            "hostname": "",
            "id": "projects/vernal-parser-324817/zones/us-central1-c/instances/apache-instance-private",
            "instance_id": "4992526449675546692",
            "label_fingerprint": "42WmSpB8rSM=",
            "labels": null,
            "machine_type": "e2-standard-2",
            "metadata": null,
            "metadata_fingerprint": "Tx5ja8KSUj4=",
            "metadata_startup_script": "#!/bin/bash\nyum update -y\nyum install httpd -y\nservice httpd start\n",
            "min_cpu_platform": "",
            "name": "apache-instance-private",
            "network_interface": [
              {
                "access_config": [],
                "alias_ip_range": [],
                "ipv6_access_config": [],
                "ipv6_access_type": "",
                "name": "nic0",
                "network": "https://www.googleapis.com/compute/v1/projects/josh-test-327416/global/networks/coalfire-demo-vpc",
                "network_ip": "10.0.2.2",
                "nic_type": "",
                "queue_count": 0,
                "stack_type": "IPV4_ONLY",
                "subnetwork": "https://www.googleapis.com/compute/v1/projects/josh-test-327416/regions/us-central1/subnetworks/coalfire-private-subnet1",
                "subnetwork_project": "josh-test-327416"
              }
            ],
            "project": "vernal-parser-324817",
            "reservation_affinity": [],
            "resource_policies": null,
            "scheduling": [
              {
                "automatic_restart": true,
                "min_node_cpus": 0,
                "node_affinities": [],
                "on_host_maintenance": "MIGRATE",
                "preemptible": false
              }
            ],
            "scratch_disk": [],
            "self_link": "https://www.googleapis.com/compute/v1/projects/vernal-parser-324817/zones/us-central1-c/instances/apache-instance-private",
            "service_account": [],
            "shielded_instance_config": [
              {
                "enable_integrity_monitoring": true,
                "enable_secure_boot": false,
                "enable_vtpm": true
              }
            ],
            "tags": [
              "health-check"
            ],
            "tags_fingerprint": "7jlgaRoOacE=",
            "timeouts": null,
            "zone": "us-central1-c"
          },
          "sensitive_attributes": [],
          "private": "eyJlMmJmYjczMC1lY2FhLTExZTYtOGY4OC0zNDM2M2JjN2M0YzAiOnsiY3JlYXRlIjoxMjAwMDAwMDAwMDAwLCJkZWxldGUiOjEyMDAwMDAwMDAwMDAsInVwZGF0ZSI6MTIwMDAwMDAwMDAwMH0sInNjaGVtYV92ZXJzaW9uIjoiNiJ9"
        }
      ]
    },
    {
      "mode": "managed",
      "type": "google_compute_instance_group",
      "name": "appserver-instancegrp",
      "provider": "provider[\"registry.terraform.io/hashicorp/google\"]",
      "instances": [
        {
          "schema_version": 2,
          "attributes": {
            "description": "Instance group for application server",
            "id": "projects/vernal-parser-324817/zones/us-central1-c/instanceGroups/coalfire-appserver",
            "instances": [
              "https://www.googleapis.com/compute/v1/projects/vernal-parser-324817/zones/us-central1-c/instances/apache-instance-private"
            ],
            "name": "coalfire-appserver",
            "named_port": [
              {
                "name": "backend-port",
                "port": 80
              }
            ],
            "network": "https://www.googleapis.com/compute/v1/projects/josh-test-327416/global/networks/coalfire-demo-vpc",
            "project": "vernal-parser-324817",
            "self_link": "https://www.googleapis.com/compute/v1/projects/vernal-parser-324817/zones/us-central1-c/instanceGroups/coalfire-appserver",
            "size": 1,
            "timeouts": null,
            "zone": "us-central1-c"
          },
          "sensitive_attributes": [],
          "private": "eyJlMmJmYjczMC1lY2FhLTExZTYtOGY4OC0zNDM2M2JjN2M0YzAiOnsiY3JlYXRlIjozNjAwMDAwMDAwMDAsImRlbGV0ZSI6MzYwMDAwMDAwMDAwLCJ1cGRhdGUiOjM2MDAwMDAwMDAwMH0sInNjaGVtYV92ZXJzaW9uIjoiMiJ9",
          "dependencies": [
            "google_compute_instance.instance-private"
          ]
        }
      ]
    },
    {
      "mode": "managed",
      "type": "google_compute_target_http_proxy",
      "name": "target_http_proxy",
      "provider": "provider[\"registry.terraform.io/hashicorp/google\"]",
      "instances": [
        {
          "schema_version": 0,
          "attributes": {
            "creation_timestamp": "2022-02-14T09:18:29.301-08:00",
            "description": "",
            "id": "projects/vernal-parser-324817/global/targetHttpProxies/coalfire-lb-proxy",
            "name": "coalfire-lb-proxy",
            "project": "vernal-parser-324817",
            "proxy_bind": false,
            "proxy_id": 1568816840449667082,
            "self_link": "https://www.googleapis.com/compute/v1/projects/vernal-parser-324817/global/targetHttpProxies/coalfire-lb-proxy",
            "timeouts": null,
            "url_map": "https://www.googleapis.com/compute/v1/projects/vernal-parser-324817/global/urlMaps/coalfire-lb-load-balancer"
          },
          "sensitive_attributes": [],
          "private": "eyJlMmJmYjczMC1lY2FhLTExZTYtOGY4OC0zNDM2M2JjN2M0YzAiOnsiY3JlYXRlIjoxMjAwMDAwMDAwMDAwLCJkZWxldGUiOjEyMDAwMDAwMDAwMDAsInVwZGF0ZSI6MTIwMDAwMDAwMDAwMH19",
          "dependencies": [
            "google_compute_backend_service.backend_service",
            "google_compute_health_check.lb-health-check",
            "google_compute_instance.instance-private",
            "google_compute_instance_group.appserver-instancegrp",
            "google_compute_url_map.url_map"
          ]
        }
      ]
    },
    {
      "mode": "managed",
      "type": "google_compute_url_map",
      "name": "url_map",
      "provider": "provider[\"registry.terraform.io/hashicorp/google\"]",
      "instances": [
        {
          "schema_version": 0,
          "attributes": {
            "creation_timestamp": "2022-02-14T09:18:17.884-08:00",
            "default_route_action": [],
            "default_service": "https://www.googleapis.com/compute/v1/projects/vernal-parser-324817/global/backendServices/coalfire-lb-backend-service",
            "default_url_redirect": [],
            "description": "",
            "fingerprint": "TfUjJGCcuQk=",
            "header_action": [],
            "host_rule": [],
            "id": "projects/vernal-parser-324817/global/urlMaps/coalfire-lb-load-balancer",
            "map_id": 1219026921382686774,
            "name": "coalfire-lb-load-balancer",
            "path_matcher": [],
            "project": "vernal-parser-324817",
            "self_link": "https://www.googleapis.com/compute/v1/projects/vernal-parser-324817/global/urlMaps/coalfire-lb-load-balancer",
            "test": [],
            "timeouts": null
          },
          "sensitive_attributes": [],
          "private": "eyJlMmJmYjczMC1lY2FhLTExZTYtOGY4OC0zNDM2M2JjN2M0YzAiOnsiY3JlYXRlIjoxMjAwMDAwMDAwMDAwLCJkZWxldGUiOjEyMDAwMDAwMDAwMDAsInVwZGF0ZSI6MTIwMDAwMDAwMDAwMH19",
          "dependencies": [
            "google_compute_backend_service.backend_service",
            "google_compute_health_check.lb-health-check",
            "google_compute_instance.instance-private",
            "google_compute_instance_group.appserver-instancegrp"
          ]
        }
      ]
    }
  ]
}
